<?xml version="1.0" encoding="utf-8"?>
<Project ToolsVersion="4.0" xmlns="http://schemas.microsoft.com/developer/msbuild/2003">
  <ItemGroup>
    <ClCompile Include="MochinekoEngine\Main.cpp" />
    <ClCompile Include="MochinekoEngine\DebugScene.cpp">
      <Filter>Scene</Filter>
    </ClCompile>
    <ClCompile Include="MochinekoEngine\CameraManager.cpp">
      <Filter>Manager</Filter>
    </ClCompile>
    <ClCompile Include="MochinekoEngine\DX2DManager.cpp">
      <Filter>Manager</Filter>
    </ClCompile>
    <ClCompile Include="MochinekoEngine\DX3DManager.cpp">
      <Filter>Manager</Filter>
    </ClCompile>
    <ClCompile Include="MochinekoEngine\ImageManager.cpp">
      <Filter>Manager</Filter>
    </ClCompile>
    <ClCompile Include="MochinekoEngine\InputManager.cpp">
      <Filter>Manager</Filter>
    </ClCompile>
    <ClCompile Include="MochinekoEngine\ObjectManager.cpp">
      <Filter>Manager</Filter>
    </ClCompile>
    <ClCompile Include="MochinekoEngine\SceneManager.cpp">
      <Filter>Manager</Filter>
    </ClCompile>
    <ClCompile Include="MochinekoEngine\ShaderManager.cpp">
      <Filter>Manager</Filter>
    </ClCompile>
    <ClCompile Include="MochinekoEngine\SoundManager.cpp">
      <Filter>Manager</Filter>
    </ClCompile>
    <ClCompile Include="MochinekoEngine\Texture.cpp">
      <Filter>Data</Filter>
    </ClCompile>
    <ClCompile Include="MochinekoEngine\Box.cpp">
      <Filter>Object</Filter>
    </ClCompile>
    <ClCompile Include="MochinekoEngine\FbxChild.cpp">
      <Filter>Object</Filter>
    </ClCompile>
    <ClCompile Include="MochinekoEngine\FontText.cpp">
      <Filter>Object</Filter>
    </ClCompile>
    <ClCompile Include="MochinekoEngine\FBX.cpp">
      <Filter>Object</Filter>
    </ClCompile>
    <ClCompile Include="MochinekoEngine\Image.cpp">
      <Filter>Object</Filter>
    </ClCompile>
    <ClCompile Include="MochinekoEngine\ImGUI\imgui_impl_win32.cpp">
      <Filter>ImGUI</Filter>
    </ClCompile>
    <ClCompile Include="MochinekoEngine\ImGUI\imgui_stdlib.cpp">
      <Filter>ImGUI</Filter>
    </ClCompile>
    <ClCompile Include="MochinekoEngine\ImGUI\imgui_tables.cpp">
      <Filter>ImGUI</Filter>
    </ClCompile>
    <ClCompile Include="MochinekoEngine\ImGUI\imgui_widgets.cpp">
      <Filter>ImGUI</Filter>
    </ClCompile>
    <ClCompile Include="MochinekoEngine\ImGUI\imgui.cpp">
      <Filter>ImGUI</Filter>
    </ClCompile>
    <ClCompile Include="MochinekoEngine\ImGUI\imgui_demo.cpp">
      <Filter>ImGUI</Filter>
    </ClCompile>
    <ClCompile Include="MochinekoEngine\ImGUI\imgui_draw.cpp">
      <Filter>ImGUI</Filter>
    </ClCompile>
    <ClCompile Include="MochinekoEngine\ImGUI\imgui_impl_dx9.cpp">
      <Filter>ImGUI</Filter>
    </ClCompile>
    <ClCompile Include="MochinekoEngine\ImGUI\imgui_impl_dx10.cpp">
      <Filter>ImGUI</Filter>
    </ClCompile>
    <ClCompile Include="MochinekoEngine\ImGUI\imgui_impl_dx11.cpp">
      <Filter>ImGUI</Filter>
    </ClCompile>
    <ClCompile Include="MochinekoEngine\ImGUI\imgui_impl_dx12.cpp">
      <Filter>ImGUI</Filter>
    </ClCompile>
  </ItemGroup>
  <ItemGroup>
    <ClInclude Include="MochinekoEngine\Framework.h" />
    <ClInclude Include="MochinekoEngine\BaseScene.h">
      <Filter>Scene</Filter>
    </ClInclude>
    <ClInclude Include="MochinekoEngine\DebugScene.h">
      <Filter>Scene</Filter>
    </ClInclude>
    <ClInclude Include="MochinekoEngine\CameraManager.h">
      <Filter>Manager</Filter>
    </ClInclude>
    <ClInclude Include="MochinekoEngine\DX2DManager.h">
      <Filter>Manager</Filter>
    </ClInclude>
    <ClInclude Include="MochinekoEngine\DX3DManager.h">
      <Filter>Manager</Filter>
    </ClInclude>
    <ClInclude Include="MochinekoEngine\ImageManager.h">
      <Filter>Manager</Filter>
    </ClInclude>
    <ClInclude Include="MochinekoEngine\InputManager.h">
      <Filter>Manager</Filter>
    </ClInclude>
    <ClInclude Include="MochinekoEngine\ObjectManager.h">
      <Filter>Manager</Filter>
    </ClInclude>
    <ClInclude Include="MochinekoEngine\SceneManager.h">
      <Filter>Manager</Filter>
    </ClInclude>
    <ClInclude Include="MochinekoEngine\ShaderManager.h">
      <Filter>Manager</Filter>
    </ClInclude>
    <ClInclude Include="MochinekoEngine\SoundManager.h">
      <Filter>Manager</Filter>
    </ClInclude>
    <ClInclude Include="MochinekoEngine\Camera.h">
      <Filter>Data</Filter>
    </ClInclude>
    <ClInclude Include="MochinekoEngine\Texture.h">
      <Filter>Data</Filter>
    </ClInclude>
    <ClInclude Include="MochinekoEngine\Transform.h">
      <Filter>Data</Filter>
    </ClInclude>
    <ClInclude Include="MochinekoEngine\BaseObject.h">
      <Filter>Object</Filter>
    </ClInclude>
    <ClInclude Include="MochinekoEngine\Box.h">
      <Filter>Object</Filter>
    </ClInclude>
    <ClInclude Include="MochinekoEngine\FbxChild.h">
      <Filter>Object</Filter>
    </ClInclude>
    <ClInclude Include="MochinekoEngine\FontText.h">
      <Filter>Object</Filter>
    </ClInclude>
    <ClInclude Include="MochinekoEngine\FBX.h">
      <Filter>Object</Filter>
    </ClInclude>
    <ClInclude Include="MochinekoEngine\Image.h">
      <Filter>Object</Filter>
    </ClInclude>
    <ClInclude Include="MochinekoEngine\resource.h" />
    <ClInclude Include="MochinekoEngine\ImGUI\imgui_impl_win32.h">
      <Filter>ImGUI</Filter>
    </ClInclude>
    <ClInclude Include="MochinekoEngine\ImGUI\imgui_internal.h">
      <Filter>ImGUI</Filter>
    </ClInclude>
    <ClInclude Include="MochinekoEngine\ImGUI\imgui_stdlib.h">
      <Filter>ImGUI</Filter>
    </ClInclude>
    <ClInclude Include="MochinekoEngine\ImGUI\imstb_rectpack.h">
      <Filter>ImGUI</Filter>
    </ClInclude>
    <ClInclude Include="MochinekoEngine\ImGUI\imstb_textedit.h">
      <Filter>ImGUI</Filter>
    </ClInclude>
    <ClInclude Include="MochinekoEngine\ImGUI\imstb_truetype.h">
      <Filter>ImGUI</Filter>
    </ClInclude>
    <ClInclude Include="MochinekoEngine\ImGUI\imconfig.h">
      <Filter>ImGUI</Filter>
    </ClInclude>
    <ClInclude Include="MochinekoEngine\ImGUI\imgui.h">
      <Filter>ImGUI</Filter>
    </ClInclude>
    <ClInclude Include="MochinekoEngine\ImGUI\imgui_impl_dx9.h">
      <Filter>ImGUI</Filter>
    </ClInclude>
    <ClInclude Include="MochinekoEngine\ImGUI\imgui_impl_dx10.h">
      <Filter>ImGUI</Filter>
    </ClInclude>
    <ClInclude Include="MochinekoEngine\ImGUI\imgui_impl_dx11.h">
      <Filter>ImGUI</Filter>
    </ClInclude>
    <ClInclude Include="MochinekoEngine\ImGUI\imgui_impl_dx12.h">
      <Filter>ImGUI</Filter>
    </ClInclude>
  </ItemGroup>
  <ItemGroup>
    <Filter Include="Manager">
      <UniqueIdentifier>{78bb1e0d-db19-43eb-a3a3-8def4611d8b2}</UniqueIdentifier>
    </Filter>
    <Filter Include="Object">
      <UniqueIdentifier>{0be385ad-cb9c-4c71-a6c8-30a50126d1ad}</UniqueIdentifier>
    </Filter>
    <Filter Include="ImGUI">
      <UniqueIdentifier>{5ee5478a-19e5-4251-b571-1acb9c7f75c7}</UniqueIdentifier>
    </Filter>
    <Filter Include="Data">
      <UniqueIdentifier>{2287285c-6e27-42d6-8415-61c4f9969167}</UniqueIdentifier>
    </Filter>
    <Filter Include="Scene">
      <UniqueIdentifier>{79b8cb87-80b9-40f3-b9fc-4bf208f9e126}</UniqueIdentifier>
    </Filter>
  </ItemGroup>
  <ItemGroup>
    <FxCompile Include="MochinekoEngine\PixelShader.hlsl" />
    <FxCompile Include="MochinekoEngine\VertexShader.hlsl" />
  </ItemGroup>
  <ItemGroup>
    <None Include="MochinekoEngine\Resource.aps" />
  </ItemGroup>
  <ItemGroup>
    <ResourceCompile Include="MochinekoEngine\Resource.rc" />
  </ItemGroup>
</Project>